// !$*UTF8*$!
{
	archiveVersion = 1;
	classes = {
	};
	objectVersion = 46;
	objects = {

/* Begin PBXBuildFile section */
		EEB14272396497520FC398D1 /* Pods_TodoModule.framework in Frameworks */ = {isa = PBXBuildFile; fileRef = 7D22016394F046755279082D /* Pods_TodoModule.framework */; };
		F95B0BC51E9F590500E756E3 /* TodoModuleUtilities.swift in Sources */ = {isa = PBXBuildFile; fileRef = F95B0BC41E9F590500E756E3 /* TodoModuleUtilities.swift */; };
		F95B0BC71E9F593200E756E3 /* TodoViewController.swift in Sources */ = {isa = PBXBuildFile; fileRef = F95B0BC61E9F593200E756E3 /* TodoViewController.swift */; };
		F95B0BCA1E9F595500E756E3 /* SweetAlert.swift in Sources */ = {isa = PBXBuildFile; fileRef = F95B0BC91E9F595500E756E3 /* SweetAlert.swift */; };
		F95B0BD41E9F599700E756E3 /* TodolistCell.swift in Sources */ = {isa = PBXBuildFile; fileRef = F95B0BCD1E9F599700E756E3 /* TodolistCell.swift */; };
		F95B0BD51E9F599700E756E3 /* Todo.swift in Sources */ = {isa = PBXBuildFile; fileRef = F95B0BCF1E9F599700E756E3 /* Todo.swift */; };
		F95B0BD61E9F599700E756E3 /* Styles.css in Resources */ = {isa = PBXBuildFile; fileRef = F95B0BD01E9F599700E756E3 /* Styles.css */; };
		F95B0BD71E9F599700E756E3 /* TodoApi.swift in Sources */ = {isa = PBXBuildFile; fileRef = F95B0BD11E9F599700E756E3 /* TodoApi.swift */; };
		F95B0BD81E9F599700E756E3 /* TodoIdsRegistry.swift in Sources */ = {isa = PBXBuildFile; fileRef = F95B0BD21E9F599700E756E3 /* TodoIdsRegistry.swift */; };
		F95B0BD91E9F599700E756E3 /* TodoRemoteApi.swift in Sources */ = {isa = PBXBuildFile; fileRef = F95B0BD31E9F599700E756E3 /* TodoRemoteApi.swift */; };
		F99F23001E0AADB1006C1303 /* mod.TodoModule.plist in Resources */ = {isa = PBXBuildFile; fileRef = F99F22FF1E0AADB1006C1303 /* mod.TodoModule.plist */; };
		F9F6CAE31E02CE6D00A7DA90 /* TodoModule.h in Headers */ = {isa = PBXBuildFile; fileRef = F9F6CAE11E02CE6D00A7DA90 /* TodoModule.h */; settings = {ATTRIBUTES = (Public, ); }; };
		F9F6CAED1E02CEEC00A7DA90 /* TodoListViewController.swift in Sources */ = {isa = PBXBuildFile; fileRef = F9F6CAEB1E02CEEC00A7DA90 /* TodoListViewController.swift */; };
		F9F6CAEE1E02CEEC00A7DA90 /* TodoModule.storyboard in Resources */ = {isa = PBXBuildFile; fileRef = F9F6CAEC1E02CEEC00A7DA90 /* TodoModule.storyboard */; };
/* End PBXBuildFile section */

/* Begin PBXFileReference section */
		156B0FBFEEA93988A4CA2339 /* Pods-TodoModule.release.xcconfig */ = {isa = PBXFileReference; includeInIndex = 1; lastKnownFileType = text.xcconfig; name = "Pods-TodoModule.release.xcconfig"; path = "Pods/Target Support Files/Pods-TodoModule/Pods-TodoModule.release.xcconfig"; sourceTree = "<group>"; };
		7D22016394F046755279082D /* Pods_TodoModule.framework */ = {isa = PBXFileReference; explicitFileType = wrapper.framework; includeInIndex = 0; path = Pods_TodoModule.framework; sourceTree = BUILT_PRODUCTS_DIR; };
		8D5D1A2E7EE5D8F8EA6886FE /* Pods-TodoModule.debug.xcconfig */ = {isa = PBXFileReference; includeInIndex = 1; lastKnownFileType = text.xcconfig; name = "Pods-TodoModule.debug.xcconfig"; path = "Pods/Target Support Files/Pods-TodoModule/Pods-TodoModule.debug.xcconfig"; sourceTree = "<group>"; };
		F95B0BC41E9F590500E756E3 /* TodoModuleUtilities.swift */ = {isa = PBXFileReference; fileEncoding = 4; lastKnownFileType = sourcecode.swift; path = TodoModuleUtilities.swift; sourceTree = "<group>"; };
		F95B0BC61E9F593200E756E3 /* TodoViewController.swift */ = {isa = PBXFileReference; fileEncoding = 4; lastKnownFileType = sourcecode.swift; path = TodoViewController.swift; sourceTree = "<group>"; };
		F95B0BC91E9F595500E756E3 /* SweetAlert.swift */ = {isa = PBXFileReference; fileEncoding = 4; lastKnownFileType = sourcecode.swift; path = SweetAlert.swift; sourceTree = "<group>"; };
		F95B0BCD1E9F599700E756E3 /* TodolistCell.swift */ = {isa = PBXFileReference; fileEncoding = 4; lastKnownFileType = sourcecode.swift; path = TodolistCell.swift; sourceTree = "<group>"; };
		F95B0BCF1E9F599700E756E3 /* Todo.swift */ = {isa = PBXFileReference; fileEncoding = 4; lastKnownFileType = sourcecode.swift; path = Todo.swift; sourceTree = "<group>"; };
		F95B0BD01E9F599700E756E3 /* Styles.css */ = {isa = PBXFileReference; fileEncoding = 4; lastKnownFileType = text.css; path = Styles.css; sourceTree = "<group>"; };
		F95B0BD11E9F599700E756E3 /* TodoApi.swift */ = {isa = PBXFileReference; fileEncoding = 4; lastKnownFileType = sourcecode.swift; path = TodoApi.swift; sourceTree = "<group>"; };
		F95B0BD21E9F599700E756E3 /* TodoIdsRegistry.swift */ = {isa = PBXFileReference; fileEncoding = 4; lastKnownFileType = sourcecode.swift; path = TodoIdsRegistry.swift; sourceTree = "<group>"; };
		F95B0BD31E9F599700E756E3 /* TodoRemoteApi.swift */ = {isa = PBXFileReference; fileEncoding = 4; lastKnownFileType = sourcecode.swift; path = TodoRemoteApi.swift; sourceTree = "<group>"; };
		F99F22FF1E0AADB1006C1303 /* mod.TodoModule.plist */ = {isa = PBXFileReference; fileEncoding = 4; lastKnownFileType = text.plist.xml; path = mod.TodoModule.plist; sourceTree = "<group>"; };
		F9F6CADE1E02CE6D00A7DA90 /* TodoModule.framework */ = {isa = PBXFileReference; explicitFileType = wrapper.framework; includeInIndex = 0; path = TodoModule.framework; sourceTree = BUILT_PRODUCTS_DIR; };
		F9F6CAE11E02CE6D00A7DA90 /* TodoModule.h */ = {isa = PBXFileReference; lastKnownFileType = sourcecode.c.h; path = TodoModule.h; sourceTree = "<group>"; };
		F9F6CAE21E02CE6D00A7DA90 /* Info.plist */ = {isa = PBXFileReference; lastKnownFileType = text.plist.xml; path = Info.plist; sourceTree = "<group>"; };
		F9F6CAEB1E02CEEC00A7DA90 /* TodoListViewController.swift */ = {isa = PBXFileReference; fileEncoding = 4; lastKnownFileType = sourcecode.swift; path = TodoListViewController.swift; sourceTree = "<group>"; };
		F9F6CAEC1E02CEEC00A7DA90 /* TodoModule.storyboard */ = {isa = PBXFileReference; fileEncoding = 4; lastKnownFileType = file.storyboard; path = TodoModule.storyboard; sourceTree = "<group>"; };
/* End PBXFileReference section */

/* Begin PBXFrameworksBuildPhase section */
		F9F6CADA1E02CE6D00A7DA90 /* Frameworks */ = {
			isa = PBXFrameworksBuildPhase;
			buildActionMask = 2147483647;
			files = (
				EEB14272396497520FC398D1 /* Pods_TodoModule.framework in Frameworks */,
			);
			runOnlyForDeploymentPostprocessing = 0;
		};
/* End PBXFrameworksBuildPhase section */

/* Begin PBXGroup section */
		8BFBCB982EA5086634058C17 /* Pods */ = {
			isa = PBXGroup;
			children = (
				8D5D1A2E7EE5D8F8EA6886FE /* Pods-TodoModule.debug.xcconfig */,
				156B0FBFEEA93988A4CA2339 /* Pods-TodoModule.release.xcconfig */,
			);
			name = Pods;
			sourceTree = "<group>";
		};
		E607F367ACD34565B10A157D /* Frameworks */ = {
			isa = PBXGroup;
			children = (
				7D22016394F046755279082D /* Pods_TodoModule.framework */,
			);
			name = Frameworks;
			sourceTree = "<group>";
		};
		F95B0BC81E9F595500E756E3 /* CustomLibraries */ = {
			isa = PBXGroup;
			children = (
				F95B0BC91E9F595500E756E3 /* SweetAlert.swift */,
			);
			path = CustomLibraries;
			sourceTree = "<group>";
		};
		F95B0BCB1E9F599700E756E3 /* API */ = {
			isa = PBXGroup;
			children = (
				F95B0BCC1E9F599700E756E3 /* CustomCells */,
				F95B0BCE1E9F599700E756E3 /* Models */,
				F95B0BD01E9F599700E756E3 /* Styles.css */,
				F95B0BD11E9F599700E756E3 /* TodoApi.swift */,
				F95B0BD21E9F599700E756E3 /* TodoIdsRegistry.swift */,
				F95B0BD31E9F599700E756E3 /* TodoRemoteApi.swift */,
			);
			path = API;
			sourceTree = "<group>";
		};
		F95B0BCC1E9F599700E756E3 /* CustomCells */ = {
			isa = PBXGroup;
			children = (
				F95B0BCD1E9F599700E756E3 /* TodolistCell.swift */,
			);
			path = CustomCells;
			sourceTree = "<group>";
		};
		F95B0BCE1E9F599700E756E3 /* Models */ = {
			isa = PBXGroup;
			children = (
				F95B0BCF1E9F599700E756E3 /* Todo.swift */,
			);
			path = Models;
			sourceTree = "<group>";
		};
		F9F6CAD41E02CE6D00A7DA90 = {
			isa = PBXGroup;
			children = (
				F9F6CAE01E02CE6D00A7DA90 /* TodoModule */,
				F9F6CADF1E02CE6D00A7DA90 /* Products */,
				8BFBCB982EA5086634058C17 /* Pods */,
				E607F367ACD34565B10A157D /* Frameworks */,
			);
			sourceTree = "<group>";
		};
		F9F6CADF1E02CE6D00A7DA90 /* Products */ = {
			isa = PBXGroup;
			children = (
				F9F6CADE1E02CE6D00A7DA90 /* TodoModule.framework */,
			);
			name = Products;
			sourceTree = "<group>";
		};
		F9F6CAE01E02CE6D00A7DA90 /* TodoModule */ = {
			isa = PBXGroup;
			children = (
				F95B0BCB1E9F599700E756E3 /* API */,
				F95B0BC81E9F595500E756E3 /* CustomLibraries */,
				F9F6CAEB1E02CEEC00A7DA90 /* TodoListViewController.swift */,
				F95B0BC61E9F593200E756E3 /* TodoViewController.swift */,
				F9F6CAEC1E02CEEC00A7DA90 /* TodoModule.storyboard */,
				F95B0BC41E9F590500E756E3 /* TodoModuleUtilities.swift */,
				F9F6CAE11E02CE6D00A7DA90 /* TodoModule.h */,
				F9F6CAE21E02CE6D00A7DA90 /* Info.plist */,
				F99F22FF1E0AADB1006C1303 /* mod.TodoModule.plist */,
			);
			path = TodoModule;
			sourceTree = "<group>";
		};
/* End PBXGroup section */

/* Begin PBXHeadersBuildPhase section */
		F9F6CADB1E02CE6D00A7DA90 /* Headers */ = {
			isa = PBXHeadersBuildPhase;
			buildActionMask = 2147483647;
			files = (
				F9F6CAE31E02CE6D00A7DA90 /* TodoModule.h in Headers */,
			);
			runOnlyForDeploymentPostprocessing = 0;
		};
/* End PBXHeadersBuildPhase section */

/* Begin PBXNativeTarget section */
		F9F6CADD1E02CE6D00A7DA90 /* TodoModule */ = {
			isa = PBXNativeTarget;
			buildConfigurationList = F9F6CAE61E02CE6D00A7DA90 /* Build configuration list for PBXNativeTarget "TodoModule" */;
			buildPhases = (
				4AF6F78CAA2ABC586F0B5EF7 /* [CP] Check Pods Manifest.lock */,
				F9F6CAD91E02CE6D00A7DA90 /* Sources */,
				F9F6CADA1E02CE6D00A7DA90 /* Frameworks */,
				F9F6CADB1E02CE6D00A7DA90 /* Headers */,
				F9F6CADC1E02CE6D00A7DA90 /* Resources */,
				19EE036CB6065CBF2504E505 /* [CP] Copy Pods Resources */,
			);
			buildRules = (
			);
			dependencies = (
			);
			name = TodoModule;
			productName = TodoModule;
			productReference = F9F6CADE1E02CE6D00A7DA90 /* TodoModule.framework */;
			productType = "com.apple.product-type.framework";
		};
/* End PBXNativeTarget section */

/* Begin PBXProject section */
		F9F6CAD51E02CE6D00A7DA90 /* Project object */ = {
			isa = PBXProject;
			attributes = {
				LastUpgradeCheck = 0810;
				ORGANIZATIONNAME = Afsarunnisa;
				TargetAttributes = {
					F9F6CADD1E02CE6D00A7DA90 = {
						CreatedOnToolsVersion = 8.1;
						LastSwiftMigration = 0810;
						ProvisioningStyle = Automatic;
					};
				};
			};
			buildConfigurationList = F9F6CAD81E02CE6D00A7DA90 /* Build configuration list for PBXProject "TodoModule" */;
			compatibilityVersion = "Xcode 3.2";
			developmentRegion = English;
			hasScannedForEncodings = 0;
			knownRegions = (
				en,
			);
			mainGroup = F9F6CAD41E02CE6D00A7DA90;
			productRefGroup = F9F6CADF1E02CE6D00A7DA90 /* Products */;
			projectDirPath = "";
			projectRoot = "";
			targets = (
				F9F6CADD1E02CE6D00A7DA90 /* TodoModule */,
			);
		};
/* End PBXProject section */

/* Begin PBXResourcesBuildPhase section */
		F9F6CADC1E02CE6D00A7DA90 /* Resources */ = {
			isa = PBXResourcesBuildPhase;
			buildActionMask = 2147483647;
			files = (
				F95B0BD61E9F599700E756E3 /* Styles.css in Resources */,
				F99F23001E0AADB1006C1303 /* mod.TodoModule.plist in Resources */,
				F9F6CAEE1E02CEEC00A7DA90 /* TodoModule.storyboard in Resources */,
			);
			runOnlyForDeploymentPostprocessing = 0;
		};
/* End PBXResourcesBuildPhase section */

/* Begin PBXShellScriptBuildPhase section */
		19EE036CB6065CBF2504E505 /* [CP] Copy Pods Resources */ = {
			isa = PBXShellScriptBuildPhase;
			buildActionMask = 2147483647;
			files = (
			);
			inputPaths = (
			);
			name = "[CP] Copy Pods Resources";
			outputPaths = (
			);
			runOnlyForDeploymentPostprocessing = 0;
			shellPath = /bin/sh;
			shellScript = "\"${SRCROOT}/Pods/Target Support Files/Pods-TodoModule/Pods-TodoModule-resources.sh\"\n";
			showEnvVarsInLog = 0;
		};
		4AF6F78CAA2ABC586F0B5EF7 /* [CP] Check Pods Manifest.lock */ = {
			isa = PBXShellScriptBuildPhase;
			buildActionMask = 2147483647;
			files = (
			);
			inputPaths = (
			);
			name = "[CP] Check Pods Manifest.lock";
			outputPaths = (
			);
			runOnlyForDeploymentPostprocessing = 0;
			shellPath = /bin/sh;
			shellScript = "diff \"${PODS_ROOT}/../Podfile.lock\" \"${PODS_ROOT}/Manifest.lock\" > /dev/null\nif [ $? != 0 ] ; then\n    # print error to STDERR\n    echo \"error: The sandbox is not in sync with the Podfile.lock. Run 'pod install' or update your CocoaPods installation.\" >&2\n    exit 1\nfi\n";
			showEnvVarsInLog = 0;
		};
/* End PBXShellScriptBuildPhase section */

/* Begin PBXSourcesBuildPhase section */
		F9F6CAD91E02CE6D00A7DA90 /* Sources */ = {
			isa = PBXSourcesBuildPhase;
			buildActionMask = 2147483647;
			files = (
				F95B0BC71E9F593200E756E3 /* TodoViewController.swift in Sources */,
				F95B0BD51E9F599700E756E3 /* Todo.swift in Sources */,
				F95B0BD71E9F599700E756E3 /* TodoApi.swift in Sources */,
				F9F6CAED1E02CEEC00A7DA90 /* TodoListViewController.swift in Sources */,
				F95B0BC51E9F590500E756E3 /* TodoModuleUtilities.swift in Sources */,
				F95B0BCA1E9F595500E756E3 /* SweetAlert.swift in Sources */,
				F95B0BD41E9F599700E756E3 /* TodolistCell.swift in Sources */,
				F95B0BD91E9F599700E756E3 /* TodoRemoteApi.swift in Sources */,
				F95B0BD81E9F599700E756E3 /* TodoIdsRegistry.swift in Sources */,
			);
			runOnlyForDeploymentPostprocessing = 0;
		};
/* End PBXSourcesBuildPhase section */

/* Begin XCBuildConfiguration section */
		F9F6CAE41E02CE6D00A7DA90 /* Debug */ = {
			isa = XCBuildConfiguration;
			buildSettings = {
				ALWAYS_SEARCH_USER_PATHS = NO;
				CLANG_ANALYZER_NONNULL = YES;
				CLANG_CXX_LANGUAGE_STANDARD = "gnu++0x";
				CLANG_CXX_LIBRARY = "libc++";
				CLANG_ENABLE_MODULES = YES;
				CLANG_ENABLE_OBJC_ARC = YES;
				CLANG_WARN_BOOL_CONVERSION = YES;
				CLANG_WARN_CONSTANT_CONVERSION = YES;
				CLANG_WARN_DIRECT_OBJC_ISA_USAGE = YES_ERROR;
				CLANG_WARN_DOCUMENTATION_COMMENTS = YES;
				CLANG_WARN_EMPTY_BODY = YES;
				CLANG_WARN_ENUM_CONVERSION = YES;
				CLANG_WARN_INFINITE_RECURSION = YES;
				CLANG_WARN_INT_CONVERSION = YES;
				CLANG_WARN_OBJC_ROOT_CLASS = YES_ERROR;
				CLANG_WARN_SUSPICIOUS_MOVES = YES;
				CLANG_WARN_UNREACHABLE_CODE = YES;
				CLANG_WARN__DUPLICATE_METHOD_MATCH = YES;
				"CODE_SIGN_IDENTITY[sdk=iphoneos*]" = "iPhone Developer";
				COPY_PHASE_STRIP = NO;
				CURRENT_PROJECT_VERSION = 1;
				DEBUG_INFORMATION_FORMAT = dwarf;
				ENABLE_STRICT_OBJC_MSGSEND = YES;
				ENABLE_TESTABILITY = YES;
				GCC_C_LANGUAGE_STANDARD = gnu99;
				GCC_DYNAMIC_NO_PIC = NO;
				GCC_NO_COMMON_BLOCKS = YES;
				GCC_OPTIMIZATION_LEVEL = 0;
				GCC_PREPROCESSOR_DEFINITIONS = (
					"DEBUG=1",
					"$(inherited)",
				);
				GCC_WARN_64_TO_32_BIT_CONVERSION = YES;
				GCC_WARN_ABOUT_RETURN_TYPE = YES_ERROR;
				GCC_WARN_UNDECLARED_SELECTOR = YES;
				GCC_WARN_UNINITIALIZED_AUTOS = YES_AGGRESSIVE;
				GCC_WARN_UNUSED_FUNCTION = YES;
				GCC_WARN_UNUSED_VARIABLE = YES;
				IPHONEOS_DEPLOYMENT_TARGET = 10.1;
				MTL_ENABLE_DEBUG_INFO = YES;
				ONLY_ACTIVE_ARCH = YES;
				SDKROOT = iphoneos;
				SWIFT_ACTIVE_COMPILATION_CONDITIONS = DEBUG;
				SWIFT_OPTIMIZATION_LEVEL = "-Onone";
				TARGETED_DEVICE_FAMILY = "1,2";
				VERSIONING_SYSTEM = "apple-generic";
				VERSION_INFO_PREFIX = "";
			};
			name = Debug;
		};
		F9F6CAE51E02CE6D00A7DA90 /* Release */ = {
			isa = XCBuildConfiguration;
			buildSettings = {
				ALWAYS_SEARCH_USER_PATHS = NO;
				CLANG_ANALYZER_NONNULL = YES;
				CLANG_CXX_LANGUAGE_STANDARD = "gnu++0x";
				CLANG_CXX_LIBRARY = "libc++";
				CLANG_ENABLE_MODULES = YES;
				CLANG_ENABLE_OBJC_ARC = YES;
				CLANG_WARN_BOOL_CONVERSION = YES;
				CLANG_WARN_CONSTANT_CONVERSION = YES;
				CLANG_WARN_DIRECT_OBJC_ISA_USAGE = YES_ERROR;
				CLANG_WARN_DOCUMENTATION_COMMENTS = YES;
				CLANG_WARN_EMPTY_BODY = YES;
				CLANG_WARN_ENUM_CONVERSION = YES;
				CLANG_WARN_INFINITE_RECURSION = YES;
				CLANG_WARN_INT_CONVERSION = YES;
				CLANG_WARN_OBJC_ROOT_CLASS = YES_ERROR;
				CLANG_WARN_SUSPICIOUS_MOVES = YES;
				CLANG_WARN_UNREACHABLE_CODE = YES;
				CLANG_WARN__DUPLICATE_METHOD_MATCH = YES;
				"CODE_SIGN_IDENTITY[sdk=iphoneos*]" = "iPhone Developer";
				COPY_PHASE_STRIP = NO;
				CURRENT_PROJECT_VERSION = 1;
				DEBUG_INFORMATION_FORMAT = "dwarf-with-dsym";
				ENABLE_NS_ASSERTIONS = NO;
				ENABLE_STRICT_OBJC_MSGSEND = YES;
				GCC_C_LANGUAGE_STANDARD = gnu99;
				GCC_NO_COMMON_BLOCKS = YES;
				GCC_WARN_64_TO_32_BIT_CONVERSION = YES;
				GCC_WARN_ABOUT_RETURN_TYPE = YES_ERROR;
				GCC_WARN_UNDECLARED_SELECTOR = YES;
				GCC_WARN_UNINITIALIZED_AUTOS = YES_AGGRESSIVE;
				GCC_WARN_UNUSED_FUNCTION = YES;
				GCC_WARN_UNUSED_VARIABLE = YES;
				IPHONEOS_DEPLOYMENT_TARGET = 10.1;
				MTL_ENABLE_DEBUG_INFO = NO;
				SDKROOT = iphoneos;
				SWIFT_OPTIMIZATION_LEVEL = "-Owholemodule";
				TARGETED_DEVICE_FAMILY = "1,2";
				VALIDATE_PRODUCT = YES;
				VERSIONING_SYSTEM = "apple-generic";
				VERSION_INFO_PREFIX = "";
			};
			name = Release;
		};
		F9F6CAE71E02CE6D00A7DA90 /* Debug */ = {
			isa = XCBuildConfiguration;
			baseConfigurationReference = 8D5D1A2E7EE5D8F8EA6886FE /* Pods-TodoModule.debug.xcconfig */;
			buildSettings = {
				CLANG_ENABLE_MODULES = YES;
				CODE_SIGN_IDENTITY = "";
				DEFINES_MODULE = YES;
				DYLIB_COMPATIBILITY_VERSION = 1;
				DYLIB_CURRENT_VERSION = 1;
				DYLIB_INSTALL_NAME_BASE = "@rpath";
				INFOPLIST_FILE = TodoModule/Info.plist;
				INSTALL_PATH = "$(LOCAL_LIBRARY_DIR)/Frameworks";
				IPHONEOS_DEPLOYMENT_TARGET = 9.0;
				LD_RUNPATH_SEARCH_PATHS = "$(inherited) @executable_path/Frameworks @loader_path/Frameworks";
				PRODUCT_BUNDLE_IDENTIFIER = Wavelabs.TodoModule;
				PRODUCT_NAME = "$(TARGET_NAME)";
				SKIP_INSTALL = YES;
				SWIFT_OPTIMIZATION_LEVEL = "-Onone";
				SWIFT_VERSION = 3.0;
			};
			name = Debug;
		};
		F9F6CAE81E02CE6D00A7DA90 /* Release */ = {
			isa = XCBuildConfiguration;
			baseConfigurationReference = 156B0FBFEEA93988A4CA2339 /* Pods-TodoModule.release.xcconfig */;
			buildSettings = {
				CLANG_ENABLE_MODULES = YES;
				CODE_SIGN_IDENTITY = "";
				DEFINES_MODULE = YES;
				DYLIB_COMPATIBILITY_VERSION = 1;
				DYLIB_CURRENT_VERSION = 1;
				DYLIB_INSTALL_NAME_BASE = "@rpath";
				INFOPLIST_FILE = TodoModule/Info.plist;
				INSTALL_PATH = "$(LOCAL_LIBRARY_DIR)/Frameworks";
				IPHONEOS_DEPLOYMENT_TARGET = 9.0;
				LD_RUNPATH_SEARCH_PATHS = "$(inherited) @executable_path/Frameworks @loader_path/Frameworks";
				PRODUCT_BUNDLE_IDENTIFIER = Wavelabs.TodoModule;
				PRODUCT_NAME = "$(TARGET_NAME)";
				SKIP_INSTALL = YES;
				SWIFT_VERSION = 3.0;
			};
			name = Release;
		};
/* End XCBuildConfiguration section */

/* Begin XCConfigurationList section */
		F9F6CAD81E02CE6D00A7DA90 /* Build configuration list for PBXProject "TodoModule" */ = {
			isa = XCConfigurationList;
			buildConfigurations = (
				F9F6CAE41E02CE6D00A7DA90 /* Debug */,
				F9F6CAE51E02CE6D00A7DA90 /* Release */,
			);
			defaultConfigurationIsVisible = 0;
			defaultConfigurationName = Release;
		};
		F9F6CAE61E02CE6D00A7DA90 /* Build configuration list for PBXNativeTarget "TodoModule" */ = {
			isa = XCConfigurationList;
			buildConfigurations = (
				F9F6CAE71E02CE6D00A7DA90 /* Debug */,
				F9F6CAE81E02CE6D00A7DA90 /* Release */,
			);
			defaultConfigurationIsVisible = 0;
			defaultConfigurationName = Release;
		};
/* End XCConfigurationList section */
	};
	rootObject = F9F6CAD51E02CE6D00A7DA90 /* Project object */;
}
